
Microsoft Visual Studio Solution File, Format Version 12.00
# Visual Studio Version 16
VisualStudioVersion = 16.0.29709.97
MinimumVisualStudioVersion = 10.0.40219.1
Project("{9A19103F-16F7-4668-BE54-9A1E7A4F7556}") = "Playground1", "Playground1\Playground1.csproj", "{F2364E34-C710-4A68-A2A6-44652BB5C5AF}"
EndProject
Project("{FAE04EC0-301F-11D3-BF4B-00C04F79EFBC}") = "Playground2", "Playground2\Playground2.csproj", "{E3C94A65-6F19-4E8E-9C27-98263BC80523}"
EndProject
Global
	GlobalSection(SolutionConfigurationPlatforms) = preSolution
		Debug|Any CPU = Debug|Any CPU
		Release|Any CPU = Release|Any CPU
	EndGlobalSection
	GlobalSection(ProjectConfigurationPlatforms) = postSolution
		{F2364E34-C710-4A68-A2A6-44652BB5C5AF}.Debug|Any CPU.ActiveCfg = Debug|Any CPU
		{F2364E34-C710-4A68-A2A6-44652BB5C5AF}.Debug|Any CPU.Build.0 = Debug|Any CPU
		{F2364E34-C710-4A68-A2A6-44652BB5C5AF}.Release|Any CPU.ActiveCfg = Release|Any CPU
		{F2364E34-C710-4A68-A2A6-44652BB5C5AF}.Release|Any CPU.Build.0 = Release|Any CPU
		{E3C94A65-6F19-4E8E-9C27-98263BC80523}.Debug|Any CPU.ActiveCfg = Debug|Any CPU
		{E3C94A65-6F19-4E8E-9C27-98263BC80523}.Debug|Any CPU.Build.0 = Debug|Any CPU
		{E3C94A65-6F19-4E8E-9C27-98263BC80523}.Release|Any CPU.ActiveCfg = Release|Any CPU
		{E3C94A65-6F19-4E8E-9C27-98263BC80523}.Release|Any CPU.Build.0 = Release|Any CPU
	EndGlobalSection
	GlobalSection(SolutionProperties) = preSolution
		HideSolutionNode = FALSE
	EndGlobalSection
	GlobalSection(ExtensibilityGlobals) = postSolution
		SolutionGuid = {062597CE-E11F-499A-9B65-5D5479C20BE5}
	EndGlobalSection
EndGlobal
